// !$*UTF8*$!
{
	archiveVersion = 1;
	classes = {
	};
	objectVersion = 46;
	objects = {

/* Begin PBXBuildFile section */
		030F62B817C5BF5500904712 /* FeedViewController.m in Sources */ = {isa = PBXBuildFile; fileRef = 030F62B617C5BF5500904712 /* FeedViewController.m */; };
		030F62B917C5BF5500904712 /* FeedViewController.xib in Resources */ = {isa = PBXBuildFile; fileRef = 030F62B717C5BF5500904712 /* FeedViewController.xib */; };
		030F62C617C5C01E00904712 /* blackArrow.png in Resources */ = {isa = PBXBuildFile; fileRef = 030F62BC17C5C01E00904712 /* blackArrow.png */; };
		030F62C717C5C01E00904712 /* blackArrow@2x.png in Resources */ = {isa = PBXBuildFile; fileRef = 030F62BD17C5C01E00904712 /* blackArrow@2x.png */; };
		030F62C817C5C01E00904712 /* blueArrow.png in Resources */ = {isa = PBXBuildFile; fileRef = 030F62BE17C5C01E00904712 /* blueArrow.png */; };
		030F62C917C5C01E00904712 /* blueArrow@2x.png in Resources */ = {isa = PBXBuildFile; fileRef = 030F62BF17C5C01E00904712 /* blueArrow@2x.png */; };
		030F62CA17C5C01E00904712 /* grayArrow.png in Resources */ = {isa = PBXBuildFile; fileRef = 030F62C017C5C01E00904712 /* grayArrow.png */; };
		030F62CB17C5C01E00904712 /* grayArrow@2x.png in Resources */ = {isa = PBXBuildFile; fileRef = 030F62C117C5C01E00904712 /* grayArrow@2x.png */; };
		030F62CC17C5C01E00904712 /* whiteArrow.png in Resources */ = {isa = PBXBuildFile; fileRef = 030F62C217C5C01E00904712 /* whiteArrow.png */; };
		030F62CD17C5C01E00904712 /* whiteArrow@2x.png in Resources */ = {isa = PBXBuildFile; fileRef = 030F62C317C5C01E00904712 /* whiteArrow@2x.png */; };
		030F62CE17C5C01E00904712 /* EGORefreshTableHeaderView.m in Sources */ = {isa = PBXBuildFile; fileRef = 030F62C517C5C01E00904712 /* EGORefreshTableHeaderView.m */; settings = {COMPILER_FLAGS = "-fno-objc-arc"; }; };
		030F62D017C5C19400904712 /* loadmore@2x.png in Resources */ = {isa = PBXBuildFile; fileRef = 030F62CF17C5C19400904712 /* loadmore@2x.png */; };
		03139C1B17C5A60900B4435E /* UIKit.framework in Frameworks */ = {isa = PBXBuildFile; fileRef = 03139C1A17C5A60900B4435E /* UIKit.framework */; };
		03139C1D17C5A60900B4435E /* Foundation.framework in Frameworks */ = {isa = PBXBuildFile; fileRef = 03139C1C17C5A60900B4435E /* Foundation.framework */; };
		03139C1F17C5A60900B4435E /* CoreGraphics.framework in Frameworks */ = {isa = PBXBuildFile; fileRef = 03139C1E17C5A60900B4435E /* CoreGraphics.framework */; };
		03139C2517C5A60900B4435E /* InfoPlist.strings in Resources */ = {isa = PBXBuildFile; fileRef = 03139C2317C5A60900B4435E /* InfoPlist.strings */; };
		03139C2717C5A60900B4435E /* main.m in Sources */ = {isa = PBXBuildFile; fileRef = 03139C2617C5A60900B4435E /* main.m */; };
		03139C2B17C5A60900B4435E /* LCAppDelegate.m in Sources */ = {isa = PBXBuildFile; fileRef = 03139C2A17C5A60900B4435E /* LCAppDelegate.m */; };
		03139C2D17C5A60900B4435E /* Default.png in Resources */ = {isa = PBXBuildFile; fileRef = 03139C2C17C5A60900B4435E /* Default.png */; };
		03139C2F17C5A60900B4435E /* Default@2x.png in Resources */ = {isa = PBXBuildFile; fileRef = 03139C2E17C5A60900B4435E /* Default@2x.png */; };
		03139C3117C5A60900B4435E /* Default-568h@2x.png in Resources */ = {isa = PBXBuildFile; fileRef = 03139C3017C5A60900B4435E /* Default-568h@2x.png */; };
		03139C3417C5A60900B4435E /* LCViewController.m in Sources */ = {isa = PBXBuildFile; fileRef = 03139C3317C5A60900B4435E /* LCViewController.m */; };
		03139C4717C5A6C200B4435E /* NSBundle+LoadNib.m in Sources */ = {isa = PBXBuildFile; fileRef = 03139C3E17C5A6C200B4435E /* NSBundle+LoadNib.m */; };
		03139C4817C5A6C200B4435E /* UIImageView+SetBorder.m in Sources */ = {isa = PBXBuildFile; fileRef = 03139C4017C5A6C200B4435E /* UIImageView+SetBorder.m */; };
		03139C4917C5A6C200B4435E /* UILabel+ConfigureLabelText.m in Sources */ = {isa = PBXBuildFile; fileRef = 03139C4217C5A6C200B4435E /* UILabel+ConfigureLabelText.m */; };
		03139C4A17C5A6C200B4435E /* UIView+Animation.m in Sources */ = {isa = PBXBuildFile; fileRef = 03139C4417C5A6C200B4435E /* UIView+Animation.m */; };
		03139C4B17C5A6C200B4435E /* UITextField+FigureOutSchool.m in Sources */ = {isa = PBXBuildFile; fileRef = 03139C4617C5A6C200B4435E /* UITextField+FigureOutSchool.m */; };
		03139C4E17C5A6EF00B4435E /* QuartzCore.framework in Frameworks */ = {isa = PBXBuildFile; fileRef = 03139C4D17C5A6EF00B4435E /* QuartzCore.framework */; };
		03139C5B17C5A70C00B4435E /* background@2x.png in Resources */ = {isa = PBXBuildFile; fileRef = 03139C5017C5A70C00B4435E /* background@2x.png */; };
		03139C5C17C5A70C00B4435E /* choose-school.png in Resources */ = {isa = PBXBuildFile; fileRef = 03139C5117C5A70C00B4435E /* choose-school.png */; };
		03139C5D17C5A70C00B4435E /* feed-pannel@2x.png in Resources */ = {isa = PBXBuildFile; fileRef = 03139C5217C5A70C00B4435E /* feed-pannel@2x.png */; };
		03139C5E17C5A70C00B4435E /* navbar@2x.png in Resources */ = {isa = PBXBuildFile; fileRef = 03139C5317C5A70C00B4435E /* navbar@2x.png */; };
		03139C5F17C5A70C00B4435E /* perks-pannel@2x.png in Resources */ = {isa = PBXBuildFile; fileRef = 03139C5417C5A70C00B4435E /* perks-pannel@2x.png */; };
		03139C6017C5A70C00B4435E /* segmented-control(available)@2x.png in Resources */ = {isa = PBXBuildFile; fileRef = 03139C5517C5A70C00B4435E /* segmented-control(available)@2x.png */; };
		03139C6117C5A70C00B4435E /* segmented-control(busy)@2x.png in Resources */ = {isa = PBXBuildFile; fileRef = 03139C5617C5A70C00B4435E /* segmented-control(busy)@2x.png */; };
		03139C6217C5A70C00B4435E /* segmented-control(fillmiddle)@2x.png in Resources */ = {isa = PBXBuildFile; fileRef = 03139C5717C5A70C00B4435E /* segmented-control(fillmiddle)@2x.png */; };
		03139C6317C5A70C00B4435E /* segmented-control(middle)@2x.png in Resources */ = {isa = PBXBuildFile; fileRef = 03139C5817C5A70C00B4435E /* segmented-control(middle)@2x.png */; };
		03139C6417C5A70C00B4435E /* segmented-control(nofillavailable)@2x.png in Resources */ = {isa = PBXBuildFile; fileRef = 03139C5917C5A70C00B4435E /* segmented-control(nofillavailable)@2x.png */; };
		03139C6517C5A70C00B4435E /* segmented-control(nofillbusy)@2x.png in Resources */ = {isa = PBXBuildFile; fileRef = 03139C5A17C5A70C00B4435E /* segmented-control(nofillbusy)@2x.png */; };
		03ECFC9C17C5AB5200EF52D5 /* PerksViewController.m in Sources */ = {isa = PBXBuildFile; fileRef = 03ECFC9B17C5AB5200EF52D5 /* PerksViewController.m */; };
		03ECFCA017C5ABB900EF52D5 /* PerksController.m in Sources */ = {isa = PBXBuildFile; fileRef = 03ECFC9F17C5ABB900EF52D5 /* PerksController.m */; };
		03ECFCA517C5ABDA00EF52D5 /* RSSChannel.m in Sources */ = {isa = PBXBuildFile; fileRef = 03ECFCA217C5ABDA00EF52D5 /* RSSChannel.m */; };
		03ECFCA617C5ABDA00EF52D5 /* RSSItem.m in Sources */ = {isa = PBXBuildFile; fileRef = 03ECFCA417C5ABDA00EF52D5 /* RSSItem.m */; };
		03ECFCAA17C5AC1E00EF52D5 /* SinglePerkViewController.m in Sources */ = {isa = PBXBuildFile; fileRef = 03ECFCA817C5AC1E00EF52D5 /* SinglePerkViewController.m */; };
		03ECFCAB17C5AC1E00EF52D5 /* SinglePerkViewController.xib in Resources */ = {isa = PBXBuildFile; fileRef = 03ECFCA917C5AC1E00EF52D5 /* SinglePerkViewController.xib */; };
		03ECFCB517C5AC3900EF52D5 /* FeedPostsCache.m in Sources */ = {isa = PBXBuildFile; fileRef = 03ECFCAD17C5AC3900EF52D5 /* FeedPostsCache.m */; };
		03ECFCB617C5AC3900EF52D5 /* FeedPost.m in Sources */ = {isa = PBXBuildFile; fileRef = 03ECFCAF17C5AC3900EF52D5 /* FeedPost.m */; };
		03ECFCB717C5AC3900EF52D5 /* User.m in Sources */ = {isa = PBXBuildFile; fileRef = 03ECFCB117C5AC3900EF52D5 /* User.m */; };
		03ECFCB817C5AC3900EF52D5 /* FeedTableCell.m in Sources */ = {isa = PBXBuildFile; fileRef = 03ECFCB317C5AC3900EF52D5 /* FeedTableCell.m */; };
		03ECFCB917C5AC3900EF52D5 /* FeedTableCell.xib in Resources */ = {isa = PBXBuildFile; fileRef = 03ECFCB417C5AC3900EF52D5 /* FeedTableCell.xib */; };
		03ECFCBD17C5AC6700EF52D5 /* MBProgressHUD.m in Sources */ = {isa = PBXBuildFile; fileRef = 03ECFCBC17C5AC6700EF52D5 /* MBProgressHUD.m */; };
		03ECFCBF17C5ACA400EF52D5 /* AdSupport.framework in Frameworks */ = {isa = PBXBuildFile; fileRef = 03ECFCBE17C5ACA400EF52D5 /* AdSupport.framework */; };
		03ECFCC117C5ACAE00EF52D5 /* StoreKit.framework in Frameworks */ = {isa = PBXBuildFile; fileRef = 03ECFCC017C5ACAE00EF52D5 /* StoreKit.framework */; };
		03ECFCC317C5ACB300EF52D5 /* libsqlite3.dylib in Frameworks */ = {isa = PBXBuildFile; fileRef = 03ECFCC217C5ACB300EF52D5 /* libsqlite3.dylib */; };
		03ECFCC517C5ACB700EF52D5 /* CoreLocation.framework in Frameworks */ = {isa = PBXBuildFile; fileRef = 03ECFCC417C5ACB700EF52D5 /* CoreLocation.framework */; };
		03ECFCC717C5ACBA00EF52D5 /* MapKit.framework in Frameworks */ = {isa = PBXBuildFile; fileRef = 03ECFCC617C5ACBA00EF52D5 /* MapKit.framework */; };
		03ECFCC917C5ACBF00EF52D5 /* MobileCoreServices.framework in Frameworks */ = {isa = PBXBuildFile; fileRef = 03ECFCC817C5ACBF00EF52D5 /* MobileCoreServices.framework */; };
		03ECFCCB17C5ACC700EF52D5 /* Security.framework in Frameworks */ = {isa = PBXBuildFile; fileRef = 03ECFCCA17C5ACC700EF52D5 /* Security.framework */; };
		03ECFCCD17C5ACCB00EF52D5 /* SystemConfiguration.framework in Frameworks */ = {isa = PBXBuildFile; fileRef = 03ECFCCC17C5ACCB00EF52D5 /* SystemConfiguration.framework */; };
		03ECFCCF17C5ACCF00EF52D5 /* CFNetwork.framework in Frameworks */ = {isa = PBXBuildFile; fileRef = 03ECFCCE17C5ACCF00EF52D5 /* CFNetwork.framework */; };
		03ECFCD117C5ACD700EF52D5 /* AudioToolbox.framework in Frameworks */ = {isa = PBXBuildFile; fileRef = 03ECFCD017C5ACD700EF52D5 /* AudioToolbox.framework */; };
		03ECFCD317C5ACDC00EF52D5 /* libz.1.2.5.dylib in Frameworks */ = {isa = PBXBuildFile; fileRef = 03ECFCD217C5ACDC00EF52D5 /* libz.1.2.5.dylib */; };
		03ECFCD517C5ACE000EF52D5 /* libz.1.dylib in Frameworks */ = {isa = PBXBuildFile; fileRef = 03ECFCD417C5ACE000EF52D5 /* libz.1.dylib */; };
		03ECFCD717C5ACE400EF52D5 /* libz.dylib in Frameworks */ = {isa = PBXBuildFile; fileRef = 03ECFCD617C5ACE400EF52D5 /* libz.dylib */; };
		03ECFCD917C5ACE900EF52D5 /* libz.1.1.3.dylib in Frameworks */ = {isa = PBXBuildFile; fileRef = 03ECFCD817C5ACE800EF52D5 /* libz.1.1.3.dylib */; };
		03ECFCDB17C5ACFA00EF52D5 /* Parse.framework in Frameworks */ = {isa = PBXBuildFile; fileRef = 03ECFCDA17C5ACFA00EF52D5 /* Parse.framework */; };
		03ECFCE717C5AD6000EF52D5 /* iCodeBlogAnnotation.m in Sources */ = {isa = PBXBuildFile; fileRef = 03ECFCDE17C5AD6000EF52D5 /* iCodeBlogAnnotation.m */; };
		03ECFCE817C5AD6000EF52D5 /* iCodeBlogAnnotationView.m in Sources */ = {isa = PBXBuildFile; fileRef = 03ECFCE017C5AD6000EF52D5 /* iCodeBlogAnnotationView.m */; };
		03ECFCE917C5AD6000EF52D5 /* MapViewController.m in Sources */ = {isa = PBXBuildFile; fileRef = 03ECFCE217C5AD6000EF52D5 /* MapViewController.m */; };
		03ECFCEA17C5AD6000EF52D5 /* MapViewController.xib in Resources */ = {isa = PBXBuildFile; fileRef = 03ECFCE317C5AD6000EF52D5 /* MapViewController.xib */; };
		03ECFCEB17C5AD6000EF52D5 /* MapAllViewController.m in Sources */ = {isa = PBXBuildFile; fileRef = 03ECFCE517C5AD6000EF52D5 /* MapAllViewController.m */; };
		03ECFCEC17C5AD6000EF52D5 /* MapAllViewController.xib in Resources */ = {isa = PBXBuildFile; fileRef = 03ECFCE617C5AD6000EF52D5 /* MapAllViewController.xib */; };
		03ECFCF017C5AD7200EF52D5 /* Blue-Pin.png in Resources */ = {isa = PBXBuildFile; fileRef = 03ECFCED17C5AD7200EF52D5 /* Blue-Pin.png */; };
		03ECFCF117C5AD7200EF52D5 /* Green-Pin.png in Resources */ = {isa = PBXBuildFile; fileRef = 03ECFCEE17C5AD7200EF52D5 /* Green-Pin.png */; };
		03ECFCF217C5AD7200EF52D5 /* Red-Pin.png in Resources */ = {isa = PBXBuildFile; fileRef = 03ECFCEF17C5AD7200EF52D5 /* Red-Pin.png */; };
		03ECFCF817C5ADBC00EF52D5 /* FeedController.m in Sources */ = {isa = PBXBuildFile; fileRef = 03ECFCF517C5ADBC00EF52D5 /* FeedController.m */; };
		03ECFCF917C5ADBC00EF52D5 /* CacheController.m in Sources */ = {isa = PBXBuildFile; fileRef = 03ECFCF717C5ADBC00EF52D5 /* CacheController.m */; };
		03ECFCFD17C5ADD300EF52D5 /* libFlurry.a in Frameworks */ = {isa = PBXBuildFile; fileRef = 03ECFCFC17C5ADD300EF52D5 /* libFlurry.a */; };
		03ECFD0317C5AE2100EF52D5 /* NSData+ZSAdditions.m in Sources */ = {isa = PBXBuildFile; fileRef = 03ECFD0017C5AE2100EF52D5 /* NSData+ZSAdditions.m */; settings = {COMPILER_FLAGS = "-fno-objc-arc"; }; };
		03ECFD0417C5AE2100EF52D5 /* NSString+ZSAdditions.m in Sources */ = {isa = PBXBuildFile; fileRef = 03ECFD0217C5AE2100EF52D5 /* NSString+ZSAdditions.m */; settings = {COMPILER_FLAGS = "-fno-objc-arc"; }; };
		03ECFD0617C5AEBA00EF52D5 /* Accounts.framework in Frameworks */ = {isa = PBXBuildFile; fileRef = 03ECFD0517C5AEB900EF52D5 /* Accounts.framework */; };
		03ECFD1117C5B2E200EF52D5 /* all-pressed@2x.png in Resources */ = {isa = PBXBuildFile; fileRef = 03ECFD0917C5B2E200EF52D5 /* all-pressed@2x.png */; };
		03ECFD1217C5B2E200EF52D5 /* all-unpressed@2x.png in Resources */ = {isa = PBXBuildFile; fileRef = 03ECFD0A17C5B2E200EF52D5 /* all-unpressed@2x.png */; };
		03ECFD1317C5B2E200EF52D5 /* eat-pressed@2x.png in Resources */ = {isa = PBXBuildFile; fileRef = 03ECFD0B17C5B2E200EF52D5 /* eat-pressed@2x.png */; };
		03ECFD1417C5B2E200EF52D5 /* eat-unpressed@2x.png in Resources */ = {isa = PBXBuildFile; fileRef = 03ECFD0C17C5B2E200EF52D5 /* eat-unpressed@2x.png */; };
		03ECFD1517C5B2E200EF52D5 /* live-pressed@2x.png in Resources */ = {isa = PBXBuildFile; fileRef = 03ECFD0D17C5B2E200EF52D5 /* live-pressed@2x.png */; };
		03ECFD1617C5B2E200EF52D5 /* live-unpressed@2x.png in Resources */ = {isa = PBXBuildFile; fileRef = 03ECFD0E17C5B2E200EF52D5 /* live-unpressed@2x.png */; };
		03ECFD1717C5B2E200EF52D5 /* shop-pressed@2x.png in Resources */ = {isa = PBXBuildFile; fileRef = 03ECFD0F17C5B2E200EF52D5 /* shop-pressed@2x.png */; };
		03ECFD1817C5B2E200EF52D5 /* shop-unpressed.png in Resources */ = {isa = PBXBuildFile; fileRef = 03ECFD1017C5B2E200EF52D5 /* shop-unpressed.png */; };
		03ECFD1B17C5B44700EF52D5 /* JS7Button.m in Sources */ = {isa = PBXBuildFile; fileRef = 03ECFD1A17C5B44700EF52D5 /* JS7Button.m */; };
		03ECFD1E17C5B7FF00EF52D5 /* back-button-unpressed@2x.png in Resources */ = {isa = PBXBuildFile; fileRef = 03ECFD1C17C5B7FF00EF52D5 /* back-button-unpressed@2x.png */; };
		03ECFD1F17C5B7FF00EF52D5 /* back-button-pressed@2x.png in Resources */ = {isa = PBXBuildFile; fileRef = 03ECFD1D17C5B7FF00EF52D5 /* back-button-pressed@2x.png */; };
/* End PBXBuildFile section */

/* Begin PBXFileReference section */
		030F62B517C5BF5500904712 /* FeedViewController.h */ = {isa = PBXFileReference; fileEncoding = 4; lastKnownFileType = sourcecode.c.h; path = FeedViewController.h; sourceTree = "<group>"; };
		030F62B617C5BF5500904712 /* FeedViewController.m */ = {isa = PBXFileReference; fileEncoding = 4; lastKnownFileType = sourcecode.c.objc; path = FeedViewController.m; sourceTree = "<group>"; };
		030F62B717C5BF5500904712 /* FeedViewController.xib */ = {isa = PBXFileReference; fileEncoding = 4; lastKnownFileType = file.xib; path = FeedViewController.xib; sourceTree = "<group>"; };
		030F62BC17C5C01E00904712 /* blackArrow.png */ = {isa = PBXFileReference; lastKnownFileType = image.png; path = blackArrow.png; sourceTree = "<group>"; };
		030F62BD17C5C01E00904712 /* blackArrow@2x.png */ = {isa = PBXFileReference; lastKnownFileType = image.png; path = "blackArrow@2x.png"; sourceTree = "<group>"; };
		030F62BE17C5C01E00904712 /* blueArrow.png */ = {isa = PBXFileReference; lastKnownFileType = image.png; path = blueArrow.png; sourceTree = "<group>"; };
		030F62BF17C5C01E00904712 /* blueArrow@2x.png */ = {isa = PBXFileReference; lastKnownFileType = image.png; path = "blueArrow@2x.png"; sourceTree = "<group>"; };
		030F62C017C5C01E00904712 /* grayArrow.png */ = {isa = PBXFileReference; lastKnownFileType = image.png; path = grayArrow.png; sourceTree = "<group>"; };
		030F62C117C5C01E00904712 /* grayArrow@2x.png */ = {isa = PBXFileReference; lastKnownFileType = image.png; path = "grayArrow@2x.png"; sourceTree = "<group>"; };
		030F62C217C5C01E00904712 /* whiteArrow.png */ = {isa = PBXFileReference; lastKnownFileType = image.png; path = whiteArrow.png; sourceTree = "<group>"; };
		030F62C317C5C01E00904712 /* whiteArrow@2x.png */ = {isa = PBXFileReference; lastKnownFileType = image.png; path = "whiteArrow@2x.png"; sourceTree = "<group>"; };
		030F62C417C5C01E00904712 /* EGORefreshTableHeaderView.h */ = {isa = PBXFileReference; fileEncoding = 4; lastKnownFileType = sourcecode.c.h; path = EGORefreshTableHeaderView.h; sourceTree = "<group>"; };
		030F62C517C5C01E00904712 /* EGORefreshTableHeaderView.m */ = {isa = PBXFileReference; fileEncoding = 4; lastKnownFileType = sourcecode.c.objc; path = EGORefreshTableHeaderView.m; sourceTree = "<group>"; };
		030F62CF17C5C19400904712 /* loadmore@2x.png */ = {isa = PBXFileReference; lastKnownFileType = image.png; path = "loadmore@2x.png"; sourceTree = "<group>"; };
		03139C1717C5A60900B4435E /* LegendsCard.app */ = {isa = PBXFileReference; explicitFileType = wrapper.application; includeInIndex = 0; path = LegendsCard.app; sourceTree = BUILT_PRODUCTS_DIR; };
		03139C1A17C5A60900B4435E /* UIKit.framework */ = {isa = PBXFileReference; lastKnownFileType = wrapper.framework; name = UIKit.framework; path = System/Library/Frameworks/UIKit.framework; sourceTree = SDKROOT; };
		03139C1C17C5A60900B4435E /* Foundation.framework */ = {isa = PBXFileReference; lastKnownFileType = wrapper.framework; name = Foundation.framework; path = System/Library/Frameworks/Foundation.framework; sourceTree = SDKROOT; };
		03139C1E17C5A60900B4435E /* CoreGraphics.framework */ = {isa = PBXFileReference; lastKnownFileType = wrapper.framework; name = CoreGraphics.framework; path = System/Library/Frameworks/CoreGraphics.framework; sourceTree = SDKROOT; };
		03139C2217C5A60900B4435E /* LegendsCard-Info.plist */ = {isa = PBXFileReference; lastKnownFileType = text.plist.xml; path = "LegendsCard-Info.plist"; sourceTree = "<group>"; };
		03139C2417C5A60900B4435E /* en */ = {isa = PBXFileReference; lastKnownFileType = text.plist.strings; name = en; path = en.lproj/InfoPlist.strings; sourceTree = "<group>"; };
		03139C2617C5A60900B4435E /* main.m */ = {isa = PBXFileReference; lastKnownFileType = sourcecode.c.objc; path = main.m; sourceTree = "<group>"; };
		03139C2817C5A60900B4435E /* LegendsCard-Prefix.pch */ = {isa = PBXFileReference; lastKnownFileType = sourcecode.c.h; path = "LegendsCard-Prefix.pch"; sourceTree = "<group>"; };
		03139C2917C5A60900B4435E /* LCAppDelegate.h */ = {isa = PBXFileReference; lastKnownFileType = sourcecode.c.h; path = LCAppDelegate.h; sourceTree = "<group>"; };
		03139C2A17C5A60900B4435E /* LCAppDelegate.m */ = {isa = PBXFileReference; lastKnownFileType = sourcecode.c.objc; path = LCAppDelegate.m; sourceTree = "<group>"; };
		03139C2C17C5A60900B4435E /* Default.png */ = {isa = PBXFileReference; lastKnownFileType = image.png; path = Default.png; sourceTree = "<group>"; };
		03139C2E17C5A60900B4435E /* Default@2x.png */ = {isa = PBXFileReference; lastKnownFileType = image.png; path = "Default@2x.png"; sourceTree = "<group>"; };
		03139C3017C5A60900B4435E /* Default-568h@2x.png */ = {isa = PBXFileReference; lastKnownFileType = image.png; path = "Default-568h@2x.png"; sourceTree = "<group>"; };
		03139C3217C5A60900B4435E /* LCViewController.h */ = {isa = PBXFileReference; lastKnownFileType = sourcecode.c.h; path = LCViewController.h; sourceTree = "<group>"; };
		03139C3317C5A60900B4435E /* LCViewController.m */ = {isa = PBXFileReference; lastKnownFileType = sourcecode.c.objc; path = LCViewController.m; sourceTree = "<group>"; };
		03139C3D17C5A6C200B4435E /* NSBundle+LoadNib.h */ = {isa = PBXFileReference; fileEncoding = 4; lastKnownFileType = sourcecode.c.h; path = "NSBundle+LoadNib.h"; sourceTree = "<group>"; };
		03139C3E17C5A6C200B4435E /* NSBundle+LoadNib.m */ = {isa = PBXFileReference; fileEncoding = 4; lastKnownFileType = sourcecode.c.objc; path = "NSBundle+LoadNib.m"; sourceTree = "<group>"; };
		03139C3F17C5A6C200B4435E /* UIImageView+SetBorder.h */ = {isa = PBXFileReference; fileEncoding = 4; lastKnownFileType = sourcecode.c.h; path = "UIImageView+SetBorder.h"; sourceTree = "<group>"; };
		03139C4017C5A6C200B4435E /* UIImageView+SetBorder.m */ = {isa = PBXFileReference; fileEncoding = 4; lastKnownFileType = sourcecode.c.objc; path = "UIImageView+SetBorder.m"; sourceTree = "<group>"; };
		03139C4117C5A6C200B4435E /* UILabel+ConfigureLabelText.h */ = {isa = PBXFileReference; fileEncoding = 4; lastKnownFileType = sourcecode.c.h; path = "UILabel+ConfigureLabelText.h"; sourceTree = "<group>"; };
		03139C4217C5A6C200B4435E /* UILabel+ConfigureLabelText.m */ = {isa = PBXFileReference; fileEncoding = 4; lastKnownFileType = sourcecode.c.objc; path = "UILabel+ConfigureLabelText.m"; sourceTree = "<group>"; };
		03139C4317C5A6C200B4435E /* UIView+Animation.h */ = {isa = PBXFileReference; fileEncoding = 4; lastKnownFileType = sourcecode.c.h; path = "UIView+Animation.h"; sourceTree = "<group>"; };
		03139C4417C5A6C200B4435E /* UIView+Animation.m */ = {isa = PBXFileReference; fileEncoding = 4; lastKnownFileType = sourcecode.c.objc; path = "UIView+Animation.m"; sourceTree = "<group>"; };
		03139C4517C5A6C200B4435E /* UITextField+FigureOutSchool.h */ = {isa = PBXFileReference; fileEncoding = 4; lastKnownFileType = sourcecode.c.h; path = "UITextField+FigureOutSchool.h"; sourceTree = "<group>"; };
		03139C4617C5A6C200B4435E /* UITextField+FigureOutSchool.m */ = {isa = PBXFileReference; fileEncoding = 4; lastKnownFileType = sourcecode.c.objc; path = "UITextField+FigureOutSchool.m"; sourceTree = "<group>"; };
		03139C4D17C5A6EF00B4435E /* QuartzCore.framework */ = {isa = PBXFileReference; lastKnownFileType = wrapper.framework; name = QuartzCore.framework; path = System/Library/Frameworks/QuartzCore.framework; sourceTree = SDKROOT; };
		03139C5017C5A70C00B4435E /* background@2x.png */ = {isa = PBXFileReference; lastKnownFileType = image.png; path = "background@2x.png"; sourceTree = "<group>"; };
		03139C5117C5A70C00B4435E /* choose-school.png */ = {isa = PBXFileReference; lastKnownFileType = image.png; path = "choose-school.png"; sourceTree = "<group>"; };
		03139C5217C5A70C00B4435E /* feed-pannel@2x.png */ = {isa = PBXFileReference; lastKnownFileType = image.png; path = "feed-pannel@2x.png"; sourceTree = "<group>"; };
		03139C5317C5A70C00B4435E /* navbar@2x.png */ = {isa = PBXFileReference; lastKnownFileType = image.png; path = "navbar@2x.png"; sourceTree = "<group>"; };
		03139C5417C5A70C00B4435E /* perks-pannel@2x.png */ = {isa = PBXFileReference; lastKnownFileType = image.png; path = "perks-pannel@2x.png"; sourceTree = "<group>"; };
		03139C5517C5A70C00B4435E /* segmented-control(available)@2x.png */ = {isa = PBXFileReference; lastKnownFileType = image.png; path = "segmented-control(available)@2x.png"; sourceTree = "<group>"; };
		03139C5617C5A70C00B4435E /* segmented-control(busy)@2x.png */ = {isa = PBXFileReference; lastKnownFileType = image.png; path = "segmented-control(busy)@2x.png"; sourceTree = "<group>"; };
		03139C5717C5A70C00B4435E /* segmented-control(fillmiddle)@2x.png */ = {isa = PBXFileReference; lastKnownFileType = image.png; path = "segmented-control(fillmiddle)@2x.png"; sourceTree = "<group>"; };
		03139C5817C5A70C00B4435E /* segmented-control(middle)@2x.png */ = {isa = PBXFileReference; lastKnownFileType = image.png; path = "segmented-control(middle)@2x.png"; sourceTree = "<group>"; };
		03139C5917C5A70C00B4435E /* segmented-control(nofillavailable)@2x.png */ = {isa = PBXFileReference; lastKnownFileType = image.png; path = "segmented-control(nofillavailable)@2x.png"; sourceTree = "<group>"; };
		03139C5A17C5A70C00B4435E /* segmented-control(nofillbusy)@2x.png */ = {isa = PBXFileReference; lastKnownFileType = image.png; path = "segmented-control(nofillbusy)@2x.png"; sourceTree = "<group>"; };
		03ECFC9A17C5AB5200EF52D5 /* PerksViewController.h */ = {isa = PBXFileReference; fileEncoding = 4; lastKnownFileType = sourcecode.c.h; path = PerksViewController.h; sourceTree = "<group>"; };
		03ECFC9B17C5AB5200EF52D5 /* PerksViewController.m */ = {isa = PBXFileReference; fileEncoding = 4; lastKnownFileType = sourcecode.c.objc; path = PerksViewController.m; sourceTree = "<group>"; };
		03ECFC9E17C5ABB900EF52D5 /* PerksController.h */ = {isa = PBXFileReference; fileEncoding = 4; lastKnownFileType = sourcecode.c.h; path = PerksController.h; sourceTree = "<group>"; };
		03ECFC9F17C5ABB900EF52D5 /* PerksController.m */ = {isa = PBXFileReference; fileEncoding = 4; lastKnownFileType = sourcecode.c.objc; path = PerksController.m; sourceTree = "<group>"; };
		03ECFCA117C5ABDA00EF52D5 /* RSSChannel.h */ = {isa = PBXFileReference; fileEncoding = 4; lastKnownFileType = sourcecode.c.h; path = RSSChannel.h; sourceTree = "<group>"; };
		03ECFCA217C5ABDA00EF52D5 /* RSSChannel.m */ = {isa = PBXFileReference; fileEncoding = 4; lastKnownFileType = sourcecode.c.objc; path = RSSChannel.m; sourceTree = "<group>"; };
		03ECFCA317C5ABDA00EF52D5 /* RSSItem.h */ = {isa = PBXFileReference; fileEncoding = 4; lastKnownFileType = sourcecode.c.h; path = RSSItem.h; sourceTree = "<group>"; };
		03ECFCA417C5ABDA00EF52D5 /* RSSItem.m */ = {isa = PBXFileReference; fileEncoding = 4; lastKnownFileType = sourcecode.c.objc; path = RSSItem.m; sourceTree = "<group>"; };
		03ECFCA717C5AC1E00EF52D5 /* SinglePerkViewController.h */ = {isa = PBXFileReference; fileEncoding = 4; lastKnownFileType = sourcecode.c.h; path = SinglePerkViewController.h; sourceTree = "<group>"; };
		03ECFCA817C5AC1E00EF52D5 /* SinglePerkViewController.m */ = {isa = PBXFileReference; fileEncoding = 4; lastKnownFileType = sourcecode.c.objc; path = SinglePerkViewController.m; sourceTree = "<group>"; };
		03ECFCA917C5AC1E00EF52D5 /* SinglePerkViewController.xib */ = {isa = PBXFileReference; fileEncoding = 4; lastKnownFileType = file.xib; path = SinglePerkViewController.xib; sourceTree = "<group>"; };
		03ECFCAC17C5AC3900EF52D5 /* FeedPostsCache.h */ = {isa = PBXFileReference; fileEncoding = 4; lastKnownFileType = sourcecode.c.h; path = FeedPostsCache.h; sourceTree = "<group>"; };
		03ECFCAD17C5AC3900EF52D5 /* FeedPostsCache.m */ = {isa = PBXFileReference; fileEncoding = 4; lastKnownFileType = sourcecode.c.objc; path = FeedPostsCache.m; sourceTree = "<group>"; };
		03ECFCAE17C5AC3900EF52D5 /* FeedPost.h */ = {isa = PBXFileReference; fileEncoding = 4; lastKnownFileType = sourcecode.c.h; path = FeedPost.h; sourceTree = "<group>"; };
		03ECFCAF17C5AC3900EF52D5 /* FeedPost.m */ = {isa = PBXFileReference; fileEncoding = 4; lastKnownFileType = sourcecode.c.objc; path = FeedPost.m; sourceTree = "<group>"; };
		03ECFCB017C5AC3900EF52D5 /* User.h */ = {isa = PBXFileReference; fileEncoding = 4; lastKnownFileType = sourcecode.c.h; path = User.h; sourceTree = "<group>"; };
		03ECFCB117C5AC3900EF52D5 /* User.m */ = {isa = PBXFileReference; fileEncoding = 4; lastKnownFileType = sourcecode.c.objc; path = User.m; sourceTree = "<group>"; };
		03ECFCB217C5AC3900EF52D5 /* FeedTableCell.h */ = {isa = PBXFileReference; fileEncoding = 4; lastKnownFileType = sourcecode.c.h; path = FeedTableCell.h; sourceTree = "<group>"; };
		03ECFCB317C5AC3900EF52D5 /* FeedTableCell.m */ = {isa = PBXFileReference; fileEncoding = 4; lastKnownFileType = sourcecode.c.objc; path = FeedTableCell.m; sourceTree = "<group>"; };
		03ECFCB417C5AC3900EF52D5 /* FeedTableCell.xib */ = {isa = PBXFileReference; fileEncoding = 4; lastKnownFileType = file.xib; path = FeedTableCell.xib; sourceTree = "<group>"; };
		03ECFCBB17C5AC6700EF52D5 /* MBProgressHUD.h */ = {isa = PBXFileReference; fileEncoding = 4; lastKnownFileType = sourcecode.c.h; path = MBProgressHUD.h; sourceTree = "<group>"; };
		03ECFCBC17C5AC6700EF52D5 /* MBProgressHUD.m */ = {isa = PBXFileReference; fileEncoding = 4; lastKnownFileType = sourcecode.c.objc; path = MBProgressHUD.m; sourceTree = "<group>"; };
		03ECFCBE17C5ACA400EF52D5 /* AdSupport.framework */ = {isa = PBXFileReference; lastKnownFileType = wrapper.framework; name = AdSupport.framework; path = System/Library/Frameworks/AdSupport.framework; sourceTree = SDKROOT; };
		03ECFCC017C5ACAE00EF52D5 /* StoreKit.framework */ = {isa = PBXFileReference; lastKnownFileType = wrapper.framework; name = StoreKit.framework; path = System/Library/Frameworks/StoreKit.framework; sourceTree = SDKROOT; };
		03ECFCC217C5ACB300EF52D5 /* libsqlite3.dylib */ = {isa = PBXFileReference; lastKnownFileType = "compiled.mach-o.dylib"; name = libsqlite3.dylib; path = usr/lib/libsqlite3.dylib; sourceTree = SDKROOT; };
		03ECFCC417C5ACB700EF52D5 /* CoreLocation.framework */ = {isa = PBXFileReference; lastKnownFileType = wrapper.framework; name = CoreLocation.framework; path = System/Library/Frameworks/CoreLocation.framework; sourceTree = SDKROOT; };
		03ECFCC617C5ACBA00EF52D5 /* MapKit.framework */ = {isa = PBXFileReference; lastKnownFileType = wrapper.framework; name = MapKit.framework; path = System/Library/Frameworks/MapKit.framework; sourceTree = SDKROOT; };
		03ECFCC817C5ACBF00EF52D5 /* MobileCoreServices.framework */ = {isa = PBXFileReference; lastKnownFileType = wrapper.framework; name = MobileCoreServices.framework; path = System/Library/Frameworks/MobileCoreServices.framework; sourceTree = SDKROOT; };
		03ECFCCA17C5ACC700EF52D5 /* Security.framework */ = {isa = PBXFileReference; lastKnownFileType = wrapper.framework; name = Security.framework; path = System/Library/Frameworks/Security.framework; sourceTree = SDKROOT; };
		03ECFCCC17C5ACCB00EF52D5 /* SystemConfiguration.framework */ = {isa = PBXFileReference; lastKnownFileType = wrapper.framework; name = SystemConfiguration.framework; path = System/Library/Frameworks/SystemConfiguration.framework; sourceTree = SDKROOT; };
		03ECFCCE17C5ACCF00EF52D5 /* CFNetwork.framework */ = {isa = PBXFileReference; lastKnownFileType = wrapper.framework; name = CFNetwork.framework; path = System/Library/Frameworks/CFNetwork.framework; sourceTree = SDKROOT; };
		03ECFCD017C5ACD700EF52D5 /* AudioToolbox.framework */ = {isa = PBXFileReference; lastKnownFileType = wrapper.framework; name = AudioToolbox.framework; path = System/Library/Frameworks/AudioToolbox.framework; sourceTree = SDKROOT; };
		03ECFCD217C5ACDC00EF52D5 /* libz.1.2.5.dylib */ = {isa = PBXFileReference; lastKnownFileType = "compiled.mach-o.dylib"; name = libz.1.2.5.dylib; path = usr/lib/libz.1.2.5.dylib; sourceTree = SDKROOT; };
		03ECFCD417C5ACE000EF52D5 /* libz.1.dylib */ = {isa = PBXFileReference; lastKnownFileType = "compiled.mach-o.dylib"; name = libz.1.dylib; path = usr/lib/libz.1.dylib; sourceTree = SDKROOT; };
		03ECFCD617C5ACE400EF52D5 /* libz.dylib */ = {isa = PBXFileReference; lastKnownFileType = "compiled.mach-o.dylib"; name = libz.dylib; path = usr/lib/libz.dylib; sourceTree = SDKROOT; };
		03ECFCD817C5ACE800EF52D5 /* libz.1.1.3.dylib */ = {isa = PBXFileReference; lastKnownFileType = "compiled.mach-o.dylib"; name = libz.1.1.3.dylib; path = usr/lib/libz.1.1.3.dylib; sourceTree = SDKROOT; };
		03ECFCDA17C5ACFA00EF52D5 /* Parse.framework */ = {isa = PBXFileReference; lastKnownFileType = wrapper.framework; path = Parse.framework; sourceTree = "<group>"; };
		03ECFCDD17C5AD6000EF52D5 /* iCodeBlogAnnotation.h */ = {isa = PBXFileReference; fileEncoding = 4; lastKnownFileType = sourcecode.c.h; path = iCodeBlogAnnotation.h; sourceTree = "<group>"; };
		03ECFCDE17C5AD6000EF52D5 /* iCodeBlogAnnotation.m */ = {isa = PBXFileReference; fileEncoding = 4; lastKnownFileType = sourcecode.c.objc; path = iCodeBlogAnnotation.m; sourceTree = "<group>"; };
		03ECFCDF17C5AD6000EF52D5 /* iCodeBlogAnnotationView.h */ = {isa = PBXFileReference; fileEncoding = 4; lastKnownFileType = sourcecode.c.h; path = iCodeBlogAnnotationView.h; sourceTree = "<group>"; };
		03ECFCE017C5AD6000EF52D5 /* iCodeBlogAnnotationView.m */ = {isa = PBXFileReference; fileEncoding = 4; lastKnownFileType = sourcecode.c.objc; path = iCodeBlogAnnotationView.m; sourceTree = "<group>"; };
		03ECFCE117C5AD6000EF52D5 /* MapViewController.h */ = {isa = PBXFileReference; fileEncoding = 4; lastKnownFileType = sourcecode.c.h; path = MapViewController.h; sourceTree = "<group>"; };
		03ECFCE217C5AD6000EF52D5 /* MapViewController.m */ = {isa = PBXFileReference; fileEncoding = 4; lastKnownFileType = sourcecode.c.objc; path = MapViewController.m; sourceTree = "<group>"; };
		03ECFCE317C5AD6000EF52D5 /* MapViewController.xib */ = {isa = PBXFileReference; fileEncoding = 4; lastKnownFileType = file.xib; path = MapViewController.xib; sourceTree = "<group>"; };
		03ECFCE417C5AD6000EF52D5 /* MapAllViewController.h */ = {isa = PBXFileReference; fileEncoding = 4; lastKnownFileType = sourcecode.c.h; path = MapAllViewController.h; sourceTree = "<group>"; };
		03ECFCE517C5AD6000EF52D5 /* MapAllViewController.m */ = {isa = PBXFileReference; fileEncoding = 4; lastKnownFileType = sourcecode.c.objc; path = MapAllViewController.m; sourceTree = "<group>"; };
		03ECFCE617C5AD6000EF52D5 /* MapAllViewController.xib */ = {isa = PBXFileReference; fileEncoding = 4; lastKnownFileType = file.xib; path = MapAllViewController.xib; sourceTree = "<group>"; };
		03ECFCED17C5AD7200EF52D5 /* Blue-Pin.png */ = {isa = PBXFileReference; lastKnownFileType = image.png; path = "Blue-Pin.png"; sourceTree = "<group>"; };
		03ECFCEE17C5AD7200EF52D5 /* Green-Pin.png */ = {isa = PBXFileReference; lastKnownFileType = image.png; path = "Green-Pin.png"; sourceTree = "<group>"; };
		03ECFCEF17C5AD7200EF52D5 /* Red-Pin.png */ = {isa = PBXFileReference; lastKnownFileType = image.png; path = "Red-Pin.png"; sourceTree = "<group>"; };
		03ECFCF417C5ADBC00EF52D5 /* FeedController.h */ = {isa = PBXFileReference; fileEncoding = 4; lastKnownFileType = sourcecode.c.h; path = FeedController.h; sourceTree = "<group>"; };
		03ECFCF517C5ADBC00EF52D5 /* FeedController.m */ = {isa = PBXFileReference; fileEncoding = 4; lastKnownFileType = sourcecode.c.objc; path = FeedController.m; sourceTree = "<group>"; };
		03ECFCF617C5ADBC00EF52D5 /* CacheController.h */ = {isa = PBXFileReference; fileEncoding = 4; lastKnownFileType = sourcecode.c.h; path = CacheController.h; sourceTree = "<group>"; };
		03ECFCF717C5ADBC00EF52D5 /* CacheController.m */ = {isa = PBXFileReference; fileEncoding = 4; lastKnownFileType = sourcecode.c.objc; path = CacheController.m; sourceTree = "<group>"; };
		03ECFCFB17C5ADD300EF52D5 /* Flurry.h */ = {isa = PBXFileReference; fileEncoding = 4; lastKnownFileType = sourcecode.c.h; path = Flurry.h; sourceTree = "<group>"; };
		03ECFCFC17C5ADD300EF52D5 /* libFlurry.a */ = {isa = PBXFileReference; lastKnownFileType = archive.ar; path = libFlurry.a; sourceTree = "<group>"; };
		03ECFCFF17C5AE2100EF52D5 /* NSData+ZSAdditions.h */ = {isa = PBXFileReference; fileEncoding = 4; lastKnownFileType = sourcecode.c.h; path = "NSData+ZSAdditions.h"; sourceTree = "<group>"; };
		03ECFD0017C5AE2100EF52D5 /* NSData+ZSAdditions.m */ = {isa = PBXFileReference; fileEncoding = 4; lastKnownFileType = sourcecode.c.objc; path = "NSData+ZSAdditions.m"; sourceTree = "<group>"; };
		03ECFD0117C5AE2100EF52D5 /* NSString+ZSAdditions.h */ = {isa = PBXFileReference; fileEncoding = 4; lastKnownFileType = sourcecode.c.h; path = "NSString+ZSAdditions.h"; sourceTree = "<group>"; };
		03ECFD0217C5AE2100EF52D5 /* NSString+ZSAdditions.m */ = {isa = PBXFileReference; fileEncoding = 4; lastKnownFileType = sourcecode.c.objc; path = "NSString+ZSAdditions.m"; sourceTree = "<group>"; };
		03ECFD0517C5AEB900EF52D5 /* Accounts.framework */ = {isa = PBXFileReference; lastKnownFileType = wrapper.framework; name = Accounts.framework; path = System/Library/Frameworks/Accounts.framework; sourceTree = SDKROOT; };
		03ECFD0917C5B2E200EF52D5 /* all-pressed@2x.png */ = {isa = PBXFileReference; lastKnownFileType = image.png; path = "all-pressed@2x.png"; sourceTree = "<group>"; };
		03ECFD0A17C5B2E200EF52D5 /* all-unpressed@2x.png */ = {isa = PBXFileReference; lastKnownFileType = image.png; path = "all-unpressed@2x.png"; sourceTree = "<group>"; };
		03ECFD0B17C5B2E200EF52D5 /* eat-pressed@2x.png */ = {isa = PBXFileReference; lastKnownFileType = image.png; path = "eat-pressed@2x.png"; sourceTree = "<group>"; };
		03ECFD0C17C5B2E200EF52D5 /* eat-unpressed@2x.png */ = {isa = PBXFileReference; lastKnownFileType = image.png; path = "eat-unpressed@2x.png"; sourceTree = "<group>"; };
		03ECFD0D17C5B2E200EF52D5 /* live-pressed@2x.png */ = {isa = PBXFileReference; lastKnownFileType = image.png; path = "live-pressed@2x.png"; sourceTree = "<group>"; };
		03ECFD0E17C5B2E200EF52D5 /* live-unpressed@2x.png */ = {isa = PBXFileReference; lastKnownFileType = image.png; path = "live-unpressed@2x.png"; sourceTree = "<group>"; };
		03ECFD0F17C5B2E200EF52D5 /* shop-pressed@2x.png */ = {isa = PBXFileReference; lastKnownFileType = image.png; path = "shop-pressed@2x.png"; sourceTree = "<group>"; };
		03ECFD1017C5B2E200EF52D5 /* shop-unpressed.png */ = {isa = PBXFileReference; lastKnownFileType = image.png; path = "shop-unpressed.png"; sourceTree = "<group>"; };
		03ECFD1917C5B44700EF52D5 /* JS7Button.h */ = {isa = PBXFileReference; fileEncoding = 4; lastKnownFileType = sourcecode.c.h; path = JS7Button.h; sourceTree = "<group>"; };
		03ECFD1A17C5B44700EF52D5 /* JS7Button.m */ = {isa = PBXFileReference; fileEncoding = 4; lastKnownFileType = sourcecode.c.objc; path = JS7Button.m; sourceTree = "<group>"; };
		03ECFD1C17C5B7FF00EF52D5 /* back-button-unpressed@2x.png */ = {isa = PBXFileReference; lastKnownFileType = image.png; path = "back-button-unpressed@2x.png"; sourceTree = "<group>"; };
		03ECFD1D17C5B7FF00EF52D5 /* back-button-pressed@2x.png */ = {isa = PBXFileReference; lastKnownFileType = image.png; path = "back-button-pressed@2x.png"; sourceTree = "<group>"; };
/* End PBXFileReference section */

/* Begin PBXFrameworksBuildPhase section */
		03139C1417C5A60900B4435E /* Frameworks */ = {
			isa = PBXFrameworksBuildPhase;
			buildActionMask = 2147483647;
			files = (
				03ECFD0617C5AEBA00EF52D5 /* Accounts.framework in Frameworks */,
				03ECFCD917C5ACE900EF52D5 /* libz.1.1.3.dylib in Frameworks */,
				03ECFCD717C5ACE400EF52D5 /* libz.dylib in Frameworks */,
				03ECFCD517C5ACE000EF52D5 /* libz.1.dylib in Frameworks */,
				03ECFCD317C5ACDC00EF52D5 /* libz.1.2.5.dylib in Frameworks */,
				03ECFCD117C5ACD700EF52D5 /* AudioToolbox.framework in Frameworks */,
				03ECFCCF17C5ACCF00EF52D5 /* CFNetwork.framework in Frameworks */,
				03ECFCCD17C5ACCB00EF52D5 /* SystemConfiguration.framework in Frameworks */,
				03ECFCCB17C5ACC700EF52D5 /* Security.framework in Frameworks */,
				03139C4E17C5A6EF00B4435E /* QuartzCore.framework in Frameworks */,
				03ECFCC917C5ACBF00EF52D5 /* MobileCoreServices.framework in Frameworks */,
				03ECFCC717C5ACBA00EF52D5 /* MapKit.framework in Frameworks */,
				03ECFCC517C5ACB700EF52D5 /* CoreLocation.framework in Frameworks */,
				03ECFCC317C5ACB300EF52D5 /* libsqlite3.dylib in Frameworks */,
				03ECFCC117C5ACAE00EF52D5 /* StoreKit.framework in Frameworks */,
				03ECFCBF17C5ACA400EF52D5 /* AdSupport.framework in Frameworks */,
				03139C1B17C5A60900B4435E /* UIKit.framework in Frameworks */,
				03139C1D17C5A60900B4435E /* Foundation.framework in Frameworks */,
				03ECFCDB17C5ACFA00EF52D5 /* Parse.framework in Frameworks */,
				03139C1F17C5A60900B4435E /* CoreGraphics.framework in Frameworks */,
				03ECFCFD17C5ADD300EF52D5 /* libFlurry.a in Frameworks */,
			);
			runOnlyForDeploymentPostprocessing = 0;
		};
/* End PBXFrameworksBuildPhase section */

/* Begin PBXGroup section */
		030F62BA17C5C00600904712 /* Objects */ = {
			isa = PBXGroup;
			children = (
				03ECFD1917C5B44700EF52D5 /* JS7Button.h */,
				03ECFD1A17C5B44700EF52D5 /* JS7Button.m */,
			);
			name = Objects;
			sourceTree = "<group>";
		};
		030F62BB17C5C00C00904712 /* Pull To Refresh */ = {
			isa = PBXGroup;
			children = (
				030F62BC17C5C01E00904712 /* blackArrow.png */,
				030F62BD17C5C01E00904712 /* blackArrow@2x.png */,
				030F62BE17C5C01E00904712 /* blueArrow.png */,
				030F62BF17C5C01E00904712 /* blueArrow@2x.png */,
				030F62C017C5C01E00904712 /* grayArrow.png */,
				030F62C117C5C01E00904712 /* grayArrow@2x.png */,
				030F62C217C5C01E00904712 /* whiteArrow.png */,
				030F62C317C5C01E00904712 /* whiteArrow@2x.png */,
				030F62C417C5C01E00904712 /* EGORefreshTableHeaderView.h */,
				030F62C517C5C01E00904712 /* EGORefreshTableHeaderView.m */,
			);
			name = "Pull To Refresh";
			sourceTree = "<group>";
		};
		03139C0E17C5A60900B4435E = {
			isa = PBXGroup;
			children = (
				03ECFD0517C5AEB900EF52D5 /* Accounts.framework */,
				03139C2017C5A60900B4435E /* LegendsCard */,
				03139C1917C5A60900B4435E /* Frameworks */,
				03139C1817C5A60900B4435E /* Products */,
			);
			sourceTree = "<group>";
		};
		03139C1817C5A60900B4435E /* Products */ = {
			isa = PBXGroup;
			children = (
				03139C1717C5A60900B4435E /* LegendsCard.app */,
			);
			name = Products;
			sourceTree = "<group>";
		};
		03139C1917C5A60900B4435E /* Frameworks */ = {
			isa = PBXGroup;
			children = (
				03ECFCDA17C5ACFA00EF52D5 /* Parse.framework */,
				03ECFCD817C5ACE800EF52D5 /* libz.1.1.3.dylib */,
				03ECFCD617C5ACE400EF52D5 /* libz.dylib */,
				03ECFCD417C5ACE000EF52D5 /* libz.1.dylib */,
				03ECFCD217C5ACDC00EF52D5 /* libz.1.2.5.dylib */,
				03ECFCD017C5ACD700EF52D5 /* AudioToolbox.framework */,
				03ECFCCE17C5ACCF00EF52D5 /* CFNetwork.framework */,
				03ECFCCC17C5ACCB00EF52D5 /* SystemConfiguration.framework */,
				03ECFCCA17C5ACC700EF52D5 /* Security.framework */,
				03ECFCC817C5ACBF00EF52D5 /* MobileCoreServices.framework */,
				03ECFCC617C5ACBA00EF52D5 /* MapKit.framework */,
				03ECFCC417C5ACB700EF52D5 /* CoreLocation.framework */,
				03ECFCC217C5ACB300EF52D5 /* libsqlite3.dylib */,
				03ECFCC017C5ACAE00EF52D5 /* StoreKit.framework */,
				03ECFCBE17C5ACA400EF52D5 /* AdSupport.framework */,
				03139C4D17C5A6EF00B4435E /* QuartzCore.framework */,
				03139C1A17C5A60900B4435E /* UIKit.framework */,
				03139C1C17C5A60900B4435E /* Foundation.framework */,
				03139C1E17C5A60900B4435E /* CoreGraphics.framework */,
			);
			name = Frameworks;
			sourceTree = "<group>";
		};
		03139C2017C5A60900B4435E /* LegendsCard */ = {
			isa = PBXGroup;
			children = (
				03139C2917C5A60900B4435E /* LCAppDelegate.h */,
				03139C2A17C5A60900B4435E /* LCAppDelegate.m */,
				03139C4F17C5A6FE00B4435E /* Assets */,
				03ECFC9D17C5AB5700EF52D5 /* View Controllers */,
				03ECFCF317C5ADB000EF52D5 /* Controllers */,
				03139C2117C5A60900B4435E /* Supporting Files */,
			);
			path = LegendsCard;
			sourceTree = "<group>";
		};
		03139C2117C5A60900B4435E /* Supporting Files */ = {
			isa = PBXGroup;
			children = (
				030F62BB17C5C00C00904712 /* Pull To Refresh */,
				030F62BA17C5C00600904712 /* Objects */,
				03ECFCFE17C5AE1800EF52D5 /* Zara Caches */,
				03ECFCFA17C5ADCB00EF52D5 /* Flurry */,
				03ECFCDC17C5AD5900EF52D5 /* Map View */,
				03ECFCBA17C5AC4000EF52D5 /* Models */,
				03139C4C17C5A6C600B4435E /* Categories */,
				03139C2217C5A60900B4435E /* LegendsCard-Info.plist */,
				03139C2317C5A60900B4435E /* InfoPlist.strings */,
				03139C2617C5A60900B4435E /* main.m */,
				03139C2817C5A60900B4435E /* LegendsCard-Prefix.pch */,
				03139C2C17C5A60900B4435E /* Default.png */,
				03139C2E17C5A60900B4435E /* Default@2x.png */,
				03139C3017C5A60900B4435E /* Default-568h@2x.png */,
			);
			name = "Supporting Files";
			sourceTree = "<group>";
		};
		03139C4C17C5A6C600B4435E /* Categories */ = {
			isa = PBXGroup;
			children = (
				03139C3D17C5A6C200B4435E /* NSBundle+LoadNib.h */,
				03139C3E17C5A6C200B4435E /* NSBundle+LoadNib.m */,
				03139C3F17C5A6C200B4435E /* UIImageView+SetBorder.h */,
				03139C4017C5A6C200B4435E /* UIImageView+SetBorder.m */,
				03139C4117C5A6C200B4435E /* UILabel+ConfigureLabelText.h */,
				03139C4217C5A6C200B4435E /* UILabel+ConfigureLabelText.m */,
				03139C4317C5A6C200B4435E /* UIView+Animation.h */,
				03139C4417C5A6C200B4435E /* UIView+Animation.m */,
				03139C4517C5A6C200B4435E /* UITextField+FigureOutSchool.h */,
				03139C4617C5A6C200B4435E /* UITextField+FigureOutSchool.m */,
			);
			name = Categories;
			sourceTree = "<group>";
		};
		03139C4F17C5A6FE00B4435E /* Assets */ = {
			isa = PBXGroup;
			children = (
				030F62CF17C5C19400904712 /* loadmore@2x.png */,
				03ECFD2017C5B81600EF52D5 /* Back Button */,
				03ECFD0717C5B2B700EF52D5 /* Map Pins */,
				03139C5017C5A70C00B4435E /* background@2x.png */,
				03139C5117C5A70C00B4435E /* choose-school.png */,
				03139C5217C5A70C00B4435E /* feed-pannel@2x.png */,
				03139C5417C5A70C00B4435E /* perks-pannel@2x.png */,
				03139C5317C5A70C00B4435E /* navbar@2x.png */,
				03ECFD0817C5B2D500EF52D5 /* Perks */,
			);
			name = Assets;
			sourceTree = "<group>";
		};
		03ECFC9D17C5AB5700EF52D5 /* View Controllers */ = {
			isa = PBXGroup;
			children = (
				03139C3217C5A60900B4435E /* LCViewController.h */,
				03139C3317C5A60900B4435E /* LCViewController.m */,
				03ECFCA717C5AC1E00EF52D5 /* SinglePerkViewController.h */,
				03ECFCA817C5AC1E00EF52D5 /* SinglePerkViewController.m */,
				03ECFCA917C5AC1E00EF52D5 /* SinglePerkViewController.xib */,
				03ECFC9A17C5AB5200EF52D5 /* PerksViewController.h */,
				03ECFC9B17C5AB5200EF52D5 /* PerksViewController.m */,
				030F62B517C5BF5500904712 /* FeedViewController.h */,
				030F62B617C5BF5500904712 /* FeedViewController.m */,
				030F62B717C5BF5500904712 /* FeedViewController.xib */,
			);
			name = "View Controllers";
			sourceTree = "<group>";
		};
		03ECFCBA17C5AC4000EF52D5 /* Models */ = {
			isa = PBXGroup;
			children = (
				03ECFCBB17C5AC6700EF52D5 /* MBProgressHUD.h */,
				03ECFCBC17C5AC6700EF52D5 /* MBProgressHUD.m */,
				03ECFCAC17C5AC3900EF52D5 /* FeedPostsCache.h */,
				03ECFCAD17C5AC3900EF52D5 /* FeedPostsCache.m */,
				03ECFCAE17C5AC3900EF52D5 /* FeedPost.h */,
				03ECFCAF17C5AC3900EF52D5 /* FeedPost.m */,
				03ECFCB017C5AC3900EF52D5 /* User.h */,
				03ECFCB117C5AC3900EF52D5 /* User.m */,
				03ECFCB217C5AC3900EF52D5 /* FeedTableCell.h */,
				03ECFCB317C5AC3900EF52D5 /* FeedTableCell.m */,
				03ECFCB417C5AC3900EF52D5 /* FeedTableCell.xib */,
				03ECFCA117C5ABDA00EF52D5 /* RSSChannel.h */,
				03ECFCA217C5ABDA00EF52D5 /* RSSChannel.m */,
				03ECFCA317C5ABDA00EF52D5 /* RSSItem.h */,
				03ECFCA417C5ABDA00EF52D5 /* RSSItem.m */,
			);
			name = Models;
			sourceTree = "<group>";
		};
		03ECFCDC17C5AD5900EF52D5 /* Map View */ = {
			isa = PBXGroup;
			children = (
				03ECFCDD17C5AD6000EF52D5 /* iCodeBlogAnnotation.h */,
				03ECFCDE17C5AD6000EF52D5 /* iCodeBlogAnnotation.m */,
				03ECFCDF17C5AD6000EF52D5 /* iCodeBlogAnnotationView.h */,
				03ECFCE017C5AD6000EF52D5 /* iCodeBlogAnnotationView.m */,
				03ECFCE117C5AD6000EF52D5 /* MapViewController.h */,
				03ECFCE217C5AD6000EF52D5 /* MapViewController.m */,
				03ECFCE317C5AD6000EF52D5 /* MapViewController.xib */,
				03ECFCE417C5AD6000EF52D5 /* MapAllViewController.h */,
				03ECFCE517C5AD6000EF52D5 /* MapAllViewController.m */,
				03ECFCE617C5AD6000EF52D5 /* MapAllViewController.xib */,
			);
			name = "Map View";
			sourceTree = "<group>";
		};
		03ECFCF317C5ADB000EF52D5 /* Controllers */ = {
			isa = PBXGroup;
			children = (
				03ECFCF417C5ADBC00EF52D5 /* FeedController.h */,
				03ECFCF517C5ADBC00EF52D5 /* FeedController.m */,
				03ECFCF617C5ADBC00EF52D5 /* CacheController.h */,
				03ECFCF717C5ADBC00EF52D5 /* CacheController.m */,
				03ECFC9E17C5ABB900EF52D5 /* PerksController.h */,
				03ECFC9F17C5ABB900EF52D5 /* PerksController.m */,
			);
			name = Controllers;
			sourceTree = "<group>";
		};
		03ECFCFA17C5ADCB00EF52D5 /* Flurry */ = {
			isa = PBXGroup;
			children = (
				03ECFCFB17C5ADD300EF52D5 /* Flurry.h */,
				03ECFCFC17C5ADD300EF52D5 /* libFlurry.a */,
			);
			name = Flurry;
			sourceTree = "<group>";
		};
		03ECFCFE17C5AE1800EF52D5 /* Zara Caches */ = {
			isa = PBXGroup;
			children = (
				03ECFCFF17C5AE2100EF52D5 /* NSData+ZSAdditions.h */,
				03ECFD0017C5AE2100EF52D5 /* NSData+ZSAdditions.m */,
				03ECFD0117C5AE2100EF52D5 /* NSString+ZSAdditions.h */,
				03ECFD0217C5AE2100EF52D5 /* NSString+ZSAdditions.m */,
			);
			name = "Zara Caches";
			sourceTree = "<group>";
		};
		03ECFD0717C5B2B700EF52D5 /* Map Pins */ = {
			isa = PBXGroup;
			children = (
				03ECFCED17C5AD7200EF52D5 /* Blue-Pin.png */,
				03ECFCEE17C5AD7200EF52D5 /* Green-Pin.png */,
				03ECFCEF17C5AD7200EF52D5 /* Red-Pin.png */,
			);
			name = "Map Pins";
			sourceTree = "<group>";
		};
		03ECFD0817C5B2D500EF52D5 /* Perks */ = {
			isa = PBXGroup;
			children = (
				03ECFD0917C5B2E200EF52D5 /* all-pressed@2x.png */,
				03ECFD0A17C5B2E200EF52D5 /* all-unpressed@2x.png */,
				03ECFD0B17C5B2E200EF52D5 /* eat-pressed@2x.png */,
				03ECFD0C17C5B2E200EF52D5 /* eat-unpressed@2x.png */,
				03ECFD0D17C5B2E200EF52D5 /* live-pressed@2x.png */,
				03ECFD0E17C5B2E200EF52D5 /* live-unpressed@2x.png */,
				03ECFD0F17C5B2E200EF52D5 /* shop-pressed@2x.png */,
				03ECFD1017C5B2E200EF52D5 /* shop-unpressed.png */,
				03139C5517C5A70C00B4435E /* segmented-control(available)@2x.png */,
				03139C5617C5A70C00B4435E /* segmented-control(busy)@2x.png */,
				03139C5717C5A70C00B4435E /* segmented-control(fillmiddle)@2x.png */,
				03139C5817C5A70C00B4435E /* segmented-control(middle)@2x.png */,
				03139C5917C5A70C00B4435E /* segmented-control(nofillavailable)@2x.png */,
				03139C5A17C5A70C00B4435E /* segmented-control(nofillbusy)@2x.png */,
			);
			name = Perks;
			sourceTree = "<group>";
		};
		03ECFD2017C5B81600EF52D5 /* Back Button */ = {
			isa = PBXGroup;
			children = (
				03ECFD1C17C5B7FF00EF52D5 /* back-button-unpressed@2x.png */,
				03ECFD1D17C5B7FF00EF52D5 /* back-button-pressed@2x.png */,
			);
			name = "Back Button";
			sourceTree = "<group>";
		};
/* End PBXGroup section */

/* Begin PBXNativeTarget section */
		03139C1617C5A60900B4435E /* LegendsCard */ = {
			isa = PBXNativeTarget;
			buildConfigurationList = 03139C3A17C5A60900B4435E /* Build configuration list for PBXNativeTarget "LegendsCard" */;
			buildPhases = (
				03139C1317C5A60900B4435E /* Sources */,
				03139C1417C5A60900B4435E /* Frameworks */,
				03139C1517C5A60900B4435E /* Resources */,
			);
			buildRules = (
			);
			dependencies = (
			);
			name = LegendsCard;
			productName = LegendsCard;
			productReference = 03139C1717C5A60900B4435E /* LegendsCard.app */;
			productType = "com.apple.product-type.application";
		};
/* End PBXNativeTarget section */

/* Begin PBXProject section */
		03139C0F17C5A60900B4435E /* Project object */ = {
			isa = PBXProject;
			attributes = {
				CLASSPREFIX = LC;
				LastUpgradeCheck = 0460;
				ORGANIZATIONNAME = LegendsCard;
			};
			buildConfigurationList = 03139C1217C5A60900B4435E /* Build configuration list for PBXProject "LegendsCard" */;
			compatibilityVersion = "Xcode 3.2";
			developmentRegion = English;
			hasScannedForEncodings = 0;
			knownRegions = (
				en,
			);
			mainGroup = 03139C0E17C5A60900B4435E;
			productRefGroup = 03139C1817C5A60900B4435E /* Products */;
			projectDirPath = "";
			projectRoot = "";
			targets = (
				03139C1617C5A60900B4435E /* LegendsCard */,
			);
		};
/* End PBXProject section */

/* Begin PBXResourcesBuildPhase section */
		03139C1517C5A60900B4435E /* Resources */ = {
			isa = PBXResourcesBuildPhase;
			buildActionMask = 2147483647;
			files = (
				03139C2517C5A60900B4435E /* InfoPlist.strings in Resources */,
				03139C2D17C5A60900B4435E /* Default.png in Resources */,
				03139C2F17C5A60900B4435E /* Default@2x.png in Resources */,
				03139C3117C5A60900B4435E /* Default-568h@2x.png in Resources */,
				03139C5B17C5A70C00B4435E /* background@2x.png in Resources */,
				03139C5C17C5A70C00B4435E /* choose-school.png in Resources */,
				03139C5D17C5A70C00B4435E /* feed-pannel@2x.png in Resources */,
				03139C5E17C5A70C00B4435E /* navbar@2x.png in Resources */,
				03139C5F17C5A70C00B4435E /* perks-pannel@2x.png in Resources */,
				03139C6017C5A70C00B4435E /* segmented-control(available)@2x.png in Resources */,
				03139C6117C5A70C00B4435E /* segmented-control(busy)@2x.png in Resources */,
				03139C6217C5A70C00B4435E /* segmented-control(fillmiddle)@2x.png in Resources */,
				03139C6317C5A70C00B4435E /* segmented-control(middle)@2x.png in Resources */,
				03139C6417C5A70C00B4435E /* segmented-control(nofillavailable)@2x.png in Resources */,
				03139C6517C5A70C00B4435E /* segmented-control(nofillbusy)@2x.png in Resources */,
				03ECFCAB17C5AC1E00EF52D5 /* SinglePerkViewController.xib in Resources */,
				03ECFCB917C5AC3900EF52D5 /* FeedTableCell.xib in Resources */,
				03ECFCEA17C5AD6000EF52D5 /* MapViewController.xib in Resources */,
				03ECFCEC17C5AD6000EF52D5 /* MapAllViewController.xib in Resources */,
				03ECFCF017C5AD7200EF52D5 /* Blue-Pin.png in Resources */,
				03ECFCF117C5AD7200EF52D5 /* Green-Pin.png in Resources */,
				03ECFCF217C5AD7200EF52D5 /* Red-Pin.png in Resources */,
				03ECFD1117C5B2E200EF52D5 /* all-pressed@2x.png in Resources */,
				03ECFD1217C5B2E200EF52D5 /* all-unpressed@2x.png in Resources */,
				03ECFD1317C5B2E200EF52D5 /* eat-pressed@2x.png in Resources */,
				03ECFD1417C5B2E200EF52D5 /* eat-unpressed@2x.png in Resources */,
				03ECFD1517C5B2E200EF52D5 /* live-pressed@2x.png in Resources */,
				03ECFD1617C5B2E200EF52D5 /* live-unpressed@2x.png in Resources */,
				03ECFD1717C5B2E200EF52D5 /* shop-pressed@2x.png in Resources */,
				03ECFD1817C5B2E200EF52D5 /* shop-unpressed.png in Resources */,
				03ECFD1E17C5B7FF00EF52D5 /* back-button-unpressed@2x.png in Resources */,
				03ECFD1F17C5B7FF00EF52D5 /* back-button-pressed@2x.png in Resources */,
				030F62B917C5BF5500904712 /* FeedViewController.xib in Resources */,
				030F62C617C5C01E00904712 /* blackArrow.png in Resources */,
				030F62C717C5C01E00904712 /* blackArrow@2x.png in Resources */,
				030F62C817C5C01E00904712 /* blueArrow.png in Resources */,
				030F62C917C5C01E00904712 /* blueArrow@2x.png in Resources */,
				030F62CA17C5C01E00904712 /* grayArrow.png in Resources */,
				030F62CB17C5C01E00904712 /* grayArrow@2x.png in Resources */,
				030F62CC17C5C01E00904712 /* whiteArrow.png in Resources */,
				030F62CD17C5C01E00904712 /* whiteArrow@2x.png in Resources */,
				030F62D017C5C19400904712 /* loadmore@2x.png in Resources */,
			);
			runOnlyForDeploymentPostprocessing = 0;
		};
/* End PBXResourcesBuildPhase section */

/* Begin PBXSourcesBuildPhase section */
		03139C1317C5A60900B4435E /* Sources */ = {
			isa = PBXSourcesBuildPhase;
			buildActionMask = 2147483647;
			files = (
				03139C2717C5A60900B4435E /* main.m in Sources */,
				03139C2B17C5A60900B4435E /* LCAppDelegate.m in Sources */,
				03139C3417C5A60900B4435E /* LCViewController.m in Sources */,
				03139C4717C5A6C200B4435E /* NSBundle+LoadNib.m in Sources */,
				03139C4817C5A6C200B4435E /* UIImageView+SetBorder.m in Sources */,
				03139C4917C5A6C200B4435E /* UILabel+ConfigureLabelText.m in Sources */,
				03139C4A17C5A6C200B4435E /* UIView+Animation.m in Sources */,
				03139C4B17C5A6C200B4435E /* UITextField+FigureOutSchool.m in Sources */,
				03ECFC9C17C5AB5200EF52D5 /* PerksViewController.m in Sources */,
				03ECFCA017C5ABB900EF52D5 /* PerksController.m in Sources */,
				03ECFCA517C5ABDA00EF52D5 /* RSSChannel.m in Sources */,
				03ECFCA617C5ABDA00EF52D5 /* RSSItem.m in Sources */,
				03ECFCAA17C5AC1E00EF52D5 /* SinglePerkViewController.m in Sources */,
				03ECFCB517C5AC3900EF52D5 /* FeedPostsCache.m in Sources */,
				03ECFCB617C5AC3900EF52D5 /* FeedPost.m in Sources */,
				03ECFCB717C5AC3900EF52D5 /* User.m in Sources */,
				03ECFCB817C5AC3900EF52D5 /* FeedTableCell.m in Sources */,
				03ECFCBD17C5AC6700EF52D5 /* MBProgressHUD.m in Sources */,
				03ECFCE717C5AD6000EF52D5 /* iCodeBlogAnnotation.m in Sources */,
				03ECFCE817C5AD6000EF52D5 /* iCodeBlogAnnotationView.m in Sources */,
				03ECFCE917C5AD6000EF52D5 /* MapViewController.m in Sources */,
				03ECFCEB17C5AD6000EF52D5 /* MapAllViewController.m in Sources */,
				03ECFCF817C5ADBC00EF52D5 /* FeedController.m in Sources */,
				03ECFCF917C5ADBC00EF52D5 /* CacheController.m in Sources */,
				03ECFD0317C5AE2100EF52D5 /* NSData+ZSAdditions.m in Sources */,
				03ECFD0417C5AE2100EF52D5 /* NSString+ZSAdditions.m in Sources */,
				03ECFD1B17C5B44700EF52D5 /* JS7Button.m in Sources */,
				030F62B817C5BF5500904712 /* FeedViewController.m in Sources */,
				030F62CE17C5C01E00904712 /* EGORefreshTableHeaderView.m in Sources */,
			);
			runOnlyForDeploymentPostprocessing = 0;
		};
/* End PBXSourcesBuildPhase section */

/* Begin PBXVariantGroup section */
		03139C2317C5A60900B4435E /* InfoPlist.strings */ = {
			isa = PBXVariantGroup;
			children = (
				03139C2417C5A60900B4435E /* en */,
			);
			name = InfoPlist.strings;
			sourceTree = "<group>";
		};
/* End PBXVariantGroup section */

/* Begin XCBuildConfiguration section */
		03139C3817C5A60900B4435E /* Debug */ = {
			isa = XCBuildConfiguration;
			buildSettings = {
				ALWAYS_SEARCH_USER_PATHS = NO;
				CLANG_CXX_LANGUAGE_STANDARD = "gnu++0x";
				CLANG_CXX_LIBRARY = "libc++";
				CLANG_ENABLE_OBJC_ARC = YES;
				CLANG_WARN_CONSTANT_CONVERSION = YES;
				CLANG_WARN_EMPTY_BODY = YES;
				CLANG_WARN_ENUM_CONVERSION = YES;
				CLANG_WARN_INT_CONVERSION = YES;
				CLANG_WARN__DUPLICATE_METHOD_MATCH = YES;
				"CODE_SIGN_IDENTITY[sdk=iphoneos*]" = "iPhone Developer";
				COPY_PHASE_STRIP = NO;
				GCC_C_LANGUAGE_STANDARD = gnu99;
				GCC_DYNAMIC_NO_PIC = NO;
				GCC_OPTIMIZATION_LEVEL = 0;
				GCC_PREPROCESSOR_DEFINITIONS = (
					"DEBUG=1",
					"$(inherited)",
				);
				GCC_SYMBOLS_PRIVATE_EXTERN = NO;
				GCC_WARN_ABOUT_RETURN_TYPE = YES;
				GCC_WARN_UNINITIALIZED_AUTOS = YES;
				GCC_WARN_UNUSED_VARIABLE = YES;
				IPHONEOS_DEPLOYMENT_TARGET = 6.1;
				ONLY_ACTIVE_ARCH = YES;
				SDKROOT = iphoneos;
			};
			name = Debug;
		};
		03139C3917C5A60900B4435E /* Release */ = {
			isa = XCBuildConfiguration;
			buildSettings = {
				ALWAYS_SEARCH_USER_PATHS = NO;
				CLANG_CXX_LANGUAGE_STANDARD = "gnu++0x";
				CLANG_CXX_LIBRARY = "libc++";
				CLANG_ENABLE_OBJC_ARC = YES;
				CLANG_WARN_CONSTANT_CONVERSION = YES;
				CLANG_WARN_EMPTY_BODY = YES;
				CLANG_WARN_ENUM_CONVERSION = YES;
				CLANG_WARN_INT_CONVERSION = YES;
				CLANG_WARN__DUPLICATE_METHOD_MATCH = YES;
				"CODE_SIGN_IDENTITY[sdk=iphoneos*]" = "iPhone Developer";
				COPY_PHASE_STRIP = YES;
				GCC_C_LANGUAGE_STANDARD = gnu99;
				GCC_WARN_ABOUT_RETURN_TYPE = YES;
				GCC_WARN_UNINITIALIZED_AUTOS = YES;
				GCC_WARN_UNUSED_VARIABLE = YES;
				IPHONEOS_DEPLOYMENT_TARGET = 6.1;
				OTHER_CFLAGS = "-DNS_BLOCK_ASSERTIONS=1";
				SDKROOT = iphoneos;
				VALIDATE_PRODUCT = YES;
			};
			name = Release;
		};
		03139C3B17C5A60900B4435E /* Debug */ = {
			isa = XCBuildConfiguration;
			buildSettings = {
				FRAMEWORK_SEARCH_PATHS = (
					"$(inherited)",
					"\"$(SRCROOT)\"",
				);
				GCC_PRECOMPILE_PREFIX_HEADER = YES;
				GCC_PREFIX_HEADER = "LegendsCard/LegendsCard-Prefix.pch";
				INFOPLIST_FILE = "LegendsCard/LegendsCard-Info.plist";
				LIBRARY_SEARCH_PATHS = (
					"$(inherited)",
					"\"$(SRCROOT)/LegendsCard\"",
				);
				PRODUCT_NAME = "$(TARGET_NAME)";
				WRAPPER_EXTENSION = app;
			};
			name = Debug;
		};
		03139C3C17C5A60900B4435E /* Release */ = {
			isa = XCBuildConfiguration;
			buildSettings = {
				FRAMEWORK_SEARCH_PATHS = (
					"$(inherited)",
					"\"$(SRCROOT)\"",
				);
				GCC_PRECOMPILE_PREFIX_HEADER = YES;
				GCC_PREFIX_HEADER = "LegendsCard/LegendsCard-Prefix.pch";
				INFOPLIST_FILE = "LegendsCard/LegendsCard-Info.plist";
				LIBRARY_SEARCH_PATHS = (
					"$(inherited)",
					"\"$(SRCROOT)/LegendsCard\"",
				);
				PRODUCT_NAME = "$(TARGET_NAME)";
				WRAPPER_EXTENSION = app;
			};
			name = Release;
		};
/* End XCBuildConfiguration section */

/* Begin XCConfigurationList section */
		03139C1217C5A60900B4435E /* Build configuration list for PBXProject "LegendsCard" */ = {
			isa = XCConfigurationList;
			buildConfigurations = (
				03139C3817C5A60900B4435E /* Debug */,
				03139C3917C5A60900B4435E /* Release */,
			);
			defaultConfigurationIsVisible = 0;
			defaultConfigurationName = Release;
		};
		03139C3A17C5A60900B4435E /* Build configuration list for PBXNativeTarget "LegendsCard" */ = {
			isa = XCConfigurationList;
			buildConfigurations = (
				03139C3B17C5A60900B4435E /* Debug */,
				03139C3C17C5A60900B4435E /* Release */,
			);
			defaultConfigurationIsVisible = 0;
			defaultConfigurationName = Release;
		};
/* End XCConfigurationList section */
	};
	rootObject = 03139C0F17C5A60900B4435E /* Project object */;
}
